
Microsoft Visual Studio Solution File, Format Version 12.00
# Visual Studio 14
VisualStudioVersion = 14.0.25420.1
MinimumVisualStudioVersion = 10.0.40219.1
Project("{FAE04EC0-301F-11D3-BF4B-00C04F79EFBC}") = "Restaurant.WEB", "Restaurant.WEB\Restaurant.WEB.csproj", "{EAF921FB-522B-4DB2-8D5C-F3EF596C3BD0}"
EndProject
Project("{FAE04EC0-301F-11D3-BF4B-00C04F79EFBC}") = "Restaurant.Datos", "Restaurant.Datos\Restaurant.Datos.csproj", "{92BF4F5B-DF18-450A-8B03-5165603E2661}"
EndProject
Global
	GlobalSection(SolutionConfigurationPlatforms) = preSolution
		Debug|Any CPU = Debug|Any CPU
		Release|Any CPU = Release|Any CPU
	EndGlobalSection
	GlobalSection(ProjectConfigurationPlatforms) = postSolution
		{EAF921FB-522B-4DB2-8D5C-F3EF596C3BD0}.Debug|Any CPU.ActiveCfg = Debug|Any CPU
		{EAF921FB-522B-4DB2-8D5C-F3EF596C3BD0}.Debug|Any CPU.Build.0 = Debug|Any CPU
		{EAF921FB-522B-4DB2-8D5C-F3EF596C3BD0}.Release|Any CPU.ActiveCfg = Release|Any CPU
		{EAF921FB-522B-4DB2-8D5C-F3EF596C3BD0}.Release|Any CPU.Build.0 = Release|Any CPU
		{92BF4F5B-DF18-450A-8B03-5165603E2661}.Debug|Any CPU.ActiveCfg = Debug|Any CPU
		{92BF4F5B-DF18-450A-8B03-5165603E2661}.Debug|Any CPU.Build.0 = Debug|Any CPU
		{92BF4F5B-DF18-450A-8B03-5165603E2661}.Release|Any CPU.ActiveCfg = Release|Any CPU
		{92BF4F5B-DF18-450A-8B03-5165603E2661}.Release|Any CPU.Build.0 = Release|Any CPU
	EndGlobalSection
	GlobalSection(SolutionProperties) = preSolution
		HideSolutionNode = FALSE
	EndGlobalSection
EndGlobal
